
Microsoft Visual Studio Solution File, Format Version 12.00
# Visual Studio Version 16
VisualStudioVersion = 16.0.31613.86
MinimumVisualStudioVersion = 10.0.40219.1
Project("{9A19103F-16F7-4668-BE54-9A1E7A4F7556}") = "Client", "Client\Client.csproj", "{2ECCDDEB-2252-4144-B85A-DBE53A65DA1C}"
EndProject
Project("{FAE04EC0-301F-11D3-BF4B-00C04F79EFBC}") = "Server", "Server\Server.csproj", "{505687CE-00E6-4F72-BA44-6C75CCD11682}"
EndProject
Project("{FAE04EC0-301F-11D3-BF4B-00C04F79EFBC}") = "CommonClasses", "CommonClasses\CommonClasses.csproj", "{B653E6B8-05A8-47BE-99C0-2ECF41965A0B}"
EndProject
Global
	GlobalSection(SolutionConfigurationPlatforms) = preSolution
		Debug|Any CPU = Debug|Any CPU
		Release|Any CPU = Release|Any CPU
	EndGlobalSection
	GlobalSection(ProjectConfigurationPlatforms) = postSolution
		{2ECCDDEB-2252-4144-B85A-DBE53A65DA1C}.Debug|Any CPU.ActiveCfg = Debug|Any CPU
		{2ECCDDEB-2252-4144-B85A-DBE53A65DA1C}.Debug|Any CPU.Build.0 = Debug|Any CPU
		{2ECCDDEB-2252-4144-B85A-DBE53A65DA1C}.Release|Any CPU.ActiveCfg = Release|Any CPU
		{2ECCDDEB-2252-4144-B85A-DBE53A65DA1C}.Release|Any CPU.Build.0 = Release|Any CPU
		{505687CE-00E6-4F72-BA44-6C75CCD11682}.Debug|Any CPU.ActiveCfg = Debug|Any CPU
		{505687CE-00E6-4F72-BA44-6C75CCD11682}.Debug|Any CPU.Build.0 = Debug|Any CPU
		{505687CE-00E6-4F72-BA44-6C75CCD11682}.Release|Any CPU.ActiveCfg = Release|Any CPU
		{505687CE-00E6-4F72-BA44-6C75CCD11682}.Release|Any CPU.Build.0 = Release|Any CPU
		{B653E6B8-05A8-47BE-99C0-2ECF41965A0B}.Debug|Any CPU.ActiveCfg = Debug|Any CPU
		{B653E6B8-05A8-47BE-99C0-2ECF41965A0B}.Debug|Any CPU.Build.0 = Debug|Any CPU
		{B653E6B8-05A8-47BE-99C0-2ECF41965A0B}.Release|Any CPU.ActiveCfg = Release|Any CPU
		{B653E6B8-05A8-47BE-99C0-2ECF41965A0B}.Release|Any CPU.Build.0 = Release|Any CPU
	EndGlobalSection
	GlobalSection(SolutionProperties) = preSolution
		HideSolutionNode = FALSE
	EndGlobalSection
	GlobalSection(ExtensibilityGlobals) = postSolution
		SolutionGuid = {05CBE3FD-BA39-442E-A1C3-A46B97D353D2}
	EndGlobalSection
EndGlobal
